
Microsoft Visual Studio Solution File, Format Version 12.00
# Visual Studio Version 16
VisualStudioVersion = 16.0.29306.81
MinimumVisualStudioVersion = 10.0.40219.1
Project("{9A19103F-16F7-4668-BE54-9A1E7A4F7556}") = "LibraryUniversity", "LibraryUniversity\LibraryUniversity.csproj", "{FF4D7A15-8386-4D02-B690-1C6470DC0EDB}"
EndProject
Project("{9A19103F-16F7-4668-BE54-9A1E7A4F7556}") = "ApplyingUniversityWeb", "ApplyingUniversityWeb\ApplyingUniversityWeb.csproj", "{4D396635-06BA-41B8-B276-F978FDA251D2}"
EndProject
Project("{FAE04EC0-301F-11D3-BF4B-00C04F79EFBC}") = "ApplyingUniversityWebMVC", "ApplyingUniversityWebMVC\ApplyingUniversityWebMVC.csproj", "{F4E7F448-F8C9-4F69-AA44-F09D9545560D}"
EndProject
Global
	GlobalSection(SolutionConfigurationPlatforms) = preSolution
		Debug|Any CPU = Debug|Any CPU
		Release|Any CPU = Release|Any CPU
	EndGlobalSection
	GlobalSection(ProjectConfigurationPlatforms) = postSolution
		{FF4D7A15-8386-4D02-B690-1C6470DC0EDB}.Debug|Any CPU.ActiveCfg = Debug|Any CPU
		{FF4D7A15-8386-4D02-B690-1C6470DC0EDB}.Debug|Any CPU.Build.0 = Debug|Any CPU
		{FF4D7A15-8386-4D02-B690-1C6470DC0EDB}.Release|Any CPU.ActiveCfg = Release|Any CPU
		{FF4D7A15-8386-4D02-B690-1C6470DC0EDB}.Release|Any CPU.Build.0 = Release|Any CPU
		{4D396635-06BA-41B8-B276-F978FDA251D2}.Debug|Any CPU.ActiveCfg = Debug|Any CPU
		{4D396635-06BA-41B8-B276-F978FDA251D2}.Debug|Any CPU.Build.0 = Debug|Any CPU
		{4D396635-06BA-41B8-B276-F978FDA251D2}.Release|Any CPU.ActiveCfg = Release|Any CPU
		{4D396635-06BA-41B8-B276-F978FDA251D2}.Release|Any CPU.Build.0 = Release|Any CPU
		{F4E7F448-F8C9-4F69-AA44-F09D9545560D}.Debug|Any CPU.ActiveCfg = Debug|Any CPU
		{F4E7F448-F8C9-4F69-AA44-F09D9545560D}.Debug|Any CPU.Build.0 = Debug|Any CPU
		{F4E7F448-F8C9-4F69-AA44-F09D9545560D}.Release|Any CPU.ActiveCfg = Release|Any CPU
		{F4E7F448-F8C9-4F69-AA44-F09D9545560D}.Release|Any CPU.Build.0 = Release|Any CPU
	EndGlobalSection
	GlobalSection(SolutionProperties) = preSolution
		HideSolutionNode = FALSE
	EndGlobalSection
	GlobalSection(ExtensibilityGlobals) = postSolution
		SolutionGuid = {53FB1E10-83D3-4B66-8668-A050374FCDB9}
	EndGlobalSection
EndGlobal
